
Microsoft Visual Studio Solution File, Format Version 12.00
# Visual Studio Version 17
VisualStudioVersion = 17.9.34723.18
MinimumVisualStudioVersion = 10.0.40219.1
Project("{9A19103F-16F7-4668-BE54-9A1E7A4F7556}") = "Labb 2 - Dungeon Crawler", "Labb 2 - Dungeon Crawler\Labb 2 - Dungeon Crawler.csproj", "{711B2241-43FC-465D-90BE-C9691AC54F5B}"
EndProject
Global
	GlobalSection(SolutionConfigurationPlatforms) = preSolution
		Debug|Any CPU = Debug|Any CPU
		Release|Any CPU = Release|Any CPU
	EndGlobalSection
	GlobalSection(ProjectConfigurationPlatforms) = postSolution
		{711B2241-43FC-465D-90BE-C9691AC54F5B}.Debug|Any CPU.ActiveCfg = Debug|Any CPU
		{711B2241-43FC-465D-90BE-C9691AC54F5B}.Debug|Any CPU.Build.0 = Debug|Any CPU
		{711B2241-43FC-465D-90BE-C9691AC54F5B}.Release|Any CPU.ActiveCfg = Release|Any CPU
		{711B2241-43FC-465D-90BE-C9691AC54F5B}.Release|Any CPU.Build.0 = Release|Any CPU
	EndGlobalSection
	GlobalSection(SolutionProperties) = preSolution
		HideSolutionNode = FALSE
	EndGlobalSection
	GlobalSection(ExtensibilityGlobals) = postSolution
		SolutionGuid = {57FDB2DF-16EF-44AE-A43C-C724816FCE21}
	EndGlobalSection
EndGlobal
